
Microsoft Visual Studio Solution File, Format Version 12.00
# Visual Studio 2012
Project("{FAE04EC0-301F-11D3-BF4B-00C04F79EFBC}") = "SendSms", "SendSms\SendSms.csproj", "{F612BC83-DF5A-4D72-A7DE-52D419739606}"
EndProject
Global
	GlobalSection(SolutionConfigurationPlatforms) = preSolution
		Debug|Any CPU = Debug|Any CPU
		Release|Any CPU = Release|Any CPU
	EndGlobalSection
	GlobalSection(ProjectConfigurationPlatforms) = postSolution
		{F612BC83-DF5A-4D72-A7DE-52D419739606}.Debug|Any CPU.ActiveCfg = Debug|Any CPU
		{F612BC83-DF5A-4D72-A7DE-52D419739606}.Debug|Any CPU.Build.0 = Debug|Any CPU
		{F612BC83-DF5A-4D72-A7DE-52D419739606}.Release|Any CPU.ActiveCfg = Release|Any CPU
		{F612BC83-DF5A-4D72-A7DE-52D419739606}.Release|Any CPU.Build.0 = Release|Any CPU
	EndGlobalSection
	GlobalSection(SolutionProperties) = preSolution
		HideSolutionNode = FALSE
	EndGlobalSection
EndGlobal
